
Microsoft Visual Studio Solution File, Format Version 12.00
# Visual Studio Version 17
VisualStudioVersion = 17.11.35327.3
MinimumVisualStudioVersion = 10.0.40219.1
Project("{9A19103F-16F7-4668-BE54-9A1E7A4F7556}") = "InventoryManagementSystem", "InventoryManagementSystem\InventoryManagementSystem.csproj", "{EB730B09-7B10-4F38-AE3C-6EB5A1FFDD11}"
EndProject
Project("{FAE04EC0-301F-11D3-BF4B-00C04F79EFBC}") = "IMSClassLib", "IMSClassLib\IMSClassLib.csproj", "{B4CBF3FB-D3AD-4517-81F4-E32B493EB7FA}"
EndProject
Global
	GlobalSection(SolutionConfigurationPlatforms) = preSolution
		Debug|Any CPU = Debug|Any CPU
		Release|Any CPU = Release|Any CPU
	EndGlobalSection
	GlobalSection(ProjectConfigurationPlatforms) = postSolution
		{EB730B09-7B10-4F38-AE3C-6EB5A1FFDD11}.Debug|Any CPU.ActiveCfg = Debug|Any CPU
		{EB730B09-7B10-4F38-AE3C-6EB5A1FFDD11}.Debug|Any CPU.Build.0 = Debug|Any CPU
		{EB730B09-7B10-4F38-AE3C-6EB5A1FFDD11}.Release|Any CPU.ActiveCfg = Release|Any CPU
		{EB730B09-7B10-4F38-AE3C-6EB5A1FFDD11}.Release|Any CPU.Build.0 = Release|Any CPU
		{B4CBF3FB-D3AD-4517-81F4-E32B493EB7FA}.Debug|Any CPU.ActiveCfg = Debug|Any CPU
		{B4CBF3FB-D3AD-4517-81F4-E32B493EB7FA}.Debug|Any CPU.Build.0 = Debug|Any CPU
		{B4CBF3FB-D3AD-4517-81F4-E32B493EB7FA}.Release|Any CPU.ActiveCfg = Release|Any CPU
		{B4CBF3FB-D3AD-4517-81F4-E32B493EB7FA}.Release|Any CPU.Build.0 = Release|Any CPU
	EndGlobalSection
	GlobalSection(SolutionProperties) = preSolution
		HideSolutionNode = FALSE
	EndGlobalSection
	GlobalSection(ExtensibilityGlobals) = postSolution
		SolutionGuid = {7DF08E43-B560-4871-9AC2-3B057018A69C}
	EndGlobalSection
EndGlobal
