
Microsoft Visual Studio Solution File, Format Version 12.00
# Visual Studio Version 17
VisualStudioVersion = 17.11.35327.3
MinimumVisualStudioVersion = 10.0.40219.1
Project("{FAE04EC0-301F-11D3-BF4B-00C04F79EFBC}") = "A8Authentication&AuthCOA", "A8Authentication&AuthCOA\A8Authentication&AuthCOA.csproj", "{D5CEAD39-1CBF-493B-A058-4FD4DC9F1A45}"
EndProject
Global
	GlobalSection(SolutionConfigurationPlatforms) = preSolution
		Debug|Any CPU = Debug|Any CPU
		Release|Any CPU = Release|Any CPU
	EndGlobalSection
	GlobalSection(ProjectConfigurationPlatforms) = postSolution
		{D5CEAD39-1CBF-493B-A058-4FD4DC9F1A45}.Debug|Any CPU.ActiveCfg = Debug|Any CPU
		{D5CEAD39-1CBF-493B-A058-4FD4DC9F1A45}.Debug|Any CPU.Build.0 = Debug|Any CPU
		{D5CEAD39-1CBF-493B-A058-4FD4DC9F1A45}.Release|Any CPU.ActiveCfg = Release|Any CPU
		{D5CEAD39-1CBF-493B-A058-4FD4DC9F1A45}.Release|Any CPU.Build.0 = Release|Any CPU
	EndGlobalSection
	GlobalSection(SolutionProperties) = preSolution
		HideSolutionNode = FALSE
	EndGlobalSection
	GlobalSection(ExtensibilityGlobals) = postSolution
		SolutionGuid = {6B71E313-56BC-42B2-A5A3-E634975AD3F5}
	EndGlobalSection
EndGlobal
